
Microsoft Visual Studio Solution File, Format Version 12.00
# Visual Studio Version 16
VisualStudioVersion = 16.0.29009.5
MinimumVisualStudioVersion = 10.0.40219.1
Project("{FAE04EC0-301F-11D3-BF4B-00C04F79EFBC}") = "FullCodeBasedTest", "FullCodeBasedTest\FullCodeBasedTest.csproj", "{CA7F640C-CB11-466E-9C68-015855752A9C}"
EndProject
Global
	GlobalSection(SolutionConfigurationPlatforms) = preSolution
		Debug|Any CPU = Debug|Any CPU
		Release|Any CPU = Release|Any CPU
	EndGlobalSection
	GlobalSection(ProjectConfigurationPlatforms) = postSolution
		{CA7F640C-CB11-466E-9C68-015855752A9C}.Debug|Any CPU.ActiveCfg = Debug|Any CPU
		{CA7F640C-CB11-466E-9C68-015855752A9C}.Debug|Any CPU.Build.0 = Debug|Any CPU
		{CA7F640C-CB11-466E-9C68-015855752A9C}.Release|Any CPU.ActiveCfg = Release|Any CPU
		{CA7F640C-CB11-466E-9C68-015855752A9C}.Release|Any CPU.Build.0 = Release|Any CPU
	EndGlobalSection
	GlobalSection(SolutionProperties) = preSolution
		HideSolutionNode = FALSE
	EndGlobalSection
	GlobalSection(ExtensibilityGlobals) = postSolution
		SolutionGuid = {99954B3C-E622-4043-A489-251CA6216D62}
	EndGlobalSection
EndGlobal
